
Microsoft Visual Studio Solution File, Format Version 12.00
# Visual Studio Version 17
VisualStudioVersion = 17.0.31903.59
MinimumVisualStudioVersion = 10.0.40219.1
Project("{FAE04EC0-301F-11D3-BF4B-00C04F79EFBC}") = "HealthRecordApi", "HealthRecordApi\HealthRecordApi.csproj", "{2FD4E1DC-E643-47AA-A438-5EB303317D09}"
EndProject
Project("{FAE04EC0-301F-11D3-BF4B-00C04F79EFBC}") = "HealthRecord.Services", "HealthRecord.Services\HealthRecord.Services.csproj", "{8AF063A7-04E4-4616-938D-A0E71EC6269E}"
EndProject
Global
	GlobalSection(SolutionConfigurationPlatforms) = preSolution
		Debug|Any CPU = Debug|Any CPU
		Debug|x64 = Debug|x64
		Debug|x86 = Debug|x86
		Release|Any CPU = Release|Any CPU
		Release|x64 = Release|x64
		Release|x86 = Release|x86
	EndGlobalSection
	GlobalSection(ProjectConfigurationPlatforms) = postSolution
		{2FD4E1DC-E643-47AA-A438-5EB303317D09}.Debug|Any CPU.ActiveCfg = Debug|Any CPU
		{2FD4E1DC-E643-47AA-A438-5EB303317D09}.Debug|Any CPU.Build.0 = Debug|Any CPU
		{2FD4E1DC-E643-47AA-A438-5EB303317D09}.Debug|x64.ActiveCfg = Debug|Any CPU
		{2FD4E1DC-E643-47AA-A438-5EB303317D09}.Debug|x64.Build.0 = Debug|Any CPU
		{2FD4E1DC-E643-47AA-A438-5EB303317D09}.Debug|x86.ActiveCfg = Debug|Any CPU
		{2FD4E1DC-E643-47AA-A438-5EB303317D09}.Debug|x86.Build.0 = Debug|Any CPU
		{2FD4E1DC-E643-47AA-A438-5EB303317D09}.Release|Any CPU.ActiveCfg = Release|Any CPU
		{2FD4E1DC-E643-47AA-A438-5EB303317D09}.Release|Any CPU.Build.0 = Release|Any CPU
		{2FD4E1DC-E643-47AA-A438-5EB303317D09}.Release|x64.ActiveCfg = Release|Any CPU
		{2FD4E1DC-E643-47AA-A438-5EB303317D09}.Release|x64.Build.0 = Release|Any CPU
		{2FD4E1DC-E643-47AA-A438-5EB303317D09}.Release|x86.ActiveCfg = Release|Any CPU
		{2FD4E1DC-E643-47AA-A438-5EB303317D09}.Release|x86.Build.0 = Release|Any CPU
		{8AF063A7-04E4-4616-938D-A0E71EC6269E}.Debug|Any CPU.ActiveCfg = Debug|Any CPU
		{8AF063A7-04E4-4616-938D-A0E71EC6269E}.Debug|Any CPU.Build.0 = Debug|Any CPU
		{8AF063A7-04E4-4616-938D-A0E71EC6269E}.Debug|x64.ActiveCfg = Debug|Any CPU
		{8AF063A7-04E4-4616-938D-A0E71EC6269E}.Debug|x64.Build.0 = Debug|Any CPU
		{8AF063A7-04E4-4616-938D-A0E71EC6269E}.Debug|x86.ActiveCfg = Debug|Any CPU
		{8AF063A7-04E4-4616-938D-A0E71EC6269E}.Debug|x86.Build.0 = Debug|Any CPU
		{8AF063A7-04E4-4616-938D-A0E71EC6269E}.Release|Any CPU.ActiveCfg = Release|Any CPU
		{8AF063A7-04E4-4616-938D-A0E71EC6269E}.Release|Any CPU.Build.0 = Release|Any CPU
		{8AF063A7-04E4-4616-938D-A0E71EC6269E}.Release|x64.ActiveCfg = Release|Any CPU
		{8AF063A7-04E4-4616-938D-A0E71EC6269E}.Release|x64.Build.0 = Release|Any CPU
		{8AF063A7-04E4-4616-938D-A0E71EC6269E}.Release|x86.ActiveCfg = Release|Any CPU
		{8AF063A7-04E4-4616-938D-A0E71EC6269E}.Release|x86.Build.0 = Release|Any CPU
	EndGlobalSection
	GlobalSection(SolutionProperties) = preSolution
		HideSolutionNode = FALSE
	EndGlobalSection
EndGlobal
